PODS:
  - Alamofire (5.8.1)
  - Gemini (1.4.0)
  - ProgressHUD (14.1.1)
  - SDWebImage (5.18.10):
    - SDWebImage/Core (= 5.18.10)
  - SDWebImage/Core (5.18.10)

DEPENDENCIES:
  - Alamofire
  - Gemini
  - ProgressHUD (~> 14.0)
  - SDWebImage (~> 5.18)

SPEC REPOS:
  trunk:
    - Alamofire
    - Gemini
    - ProgressHUD
    - SDWebImage

SPEC CHECKSUMS:
  Alamofire: 3ca42e259043ee0dc5c0cdd76c4bc568b8e42af7
  Gemini: 4ad915cca8805577fe3021e02feeca2b77dcdbfc
  ProgressHUD: abb9136ae23c85204236828562cb9a8ec98efb44
  SDWebImage: fc8f2d48bbfd72ef39d70e981bd24a3f3be53fec

PODFILE CHECKSUM: 589ad2aab5396a04dd7ee42c0b8936f0e90d25b2

COCOAPODS: 1.12.1
