// !$*UTF8*$!
{
	archiveVersion = 1;
	classes = {
	};
	objectVersion = 56;
	objects = {

/* Begin PBXBuildFile section */
		809C00C52A3735B000339B09 /* Global.swift in Sources */ = {isa = PBXBuildFile; fileRef = 809C00C42A3735B000339B09 /* Global.swift */; };
		D73A89CA29CDFA0400D6A31C /* AppDelegate.swift in Sources */ = {isa = PBXBuildFile; fileRef = D73A89C929CDFA0400D6A31C /* AppDelegate.swift */; };
		D73A89CC29CDFA0400D6A31C /* SceneDelegate.swift in Sources */ = {isa = PBXBuildFile; fileRef = D73A89CB29CDFA0400D6A31C /* SceneDelegate.swift */; };
		D73A89CE29CDFA0400D6A31C /* MovieVC.swift in Sources */ = {isa = PBXBuildFile; fileRef = D73A89CD29CDFA0400D6A31C /* MovieVC.swift */; };
		D73A89D129CDFA0400D6A31C /* Main.storyboard in Resources */ = {isa = PBXBuildFile; fileRef = D73A89CF29CDFA0400D6A31C /* Main.storyboard */; };
		D73A89D329CDFA0500D6A31C /* Assets.xcassets in Resources */ = {isa = PBXBuildFile; fileRef = D73A89D229CDFA0500D6A31C /* Assets.xcassets */; };
		D73A89D629CDFA0500D6A31C /* LaunchScreen.storyboard in Resources */ = {isa = PBXBuildFile; fileRef = D73A89D429CDFA0500D6A31C /* LaunchScreen.storyboard */; };
		D73A89DE29CDFC2500D6A31C /* APIMovie.swift in Sources */ = {isa = PBXBuildFile; fileRef = D73A89DD29CDFC2500D6A31C /* APIMovie.swift */; };
		D73A89E029CDFF7300D6A31C /* MoviesModel.swift in Sources */ = {isa = PBXBuildFile; fileRef = D73A89DF29CDFF7300D6A31C /* MoviesModel.swift */; };
		D73A89E429CEA40400D6A31C /* PopularMovieViewCell.swift in Sources */ = {isa = PBXBuildFile; fileRef = D73A89E229CEA40400D6A31C /* PopularMovieViewCell.swift */; };
		D73A89E529CEA40400D6A31C /* PopularMovieViewCell.xib in Resources */ = {isa = PBXBuildFile; fileRef = D73A89E329CEA40400D6A31C /* PopularMovieViewCell.xib */; };
		D73A89E729CF2F7800D6A31C /* Extension.swift in Sources */ = {isa = PBXBuildFile; fileRef = D73A89E629CF2F7800D6A31C /* Extension.swift */; };
		D73A89EB29CF352700D6A31C /* ConfigURL.swift in Sources */ = {isa = PBXBuildFile; fileRef = D73A89EA29CF352700D6A31C /* ConfigURL.swift */; };
		D73A89F029CF39B600D6A31C /* DetailSelectVC.swift in Sources */ = {isa = PBXBuildFile; fileRef = D73A89EE29CF39B600D6A31C /* DetailSelectVC.swift */; };
		D73A89F129CF39B600D6A31C /* DetailSelectVC.xib in Resources */ = {isa = PBXBuildFile; fileRef = D73A89EF29CF39B600D6A31C /* DetailSelectVC.xib */; };
		D73A89F429CF46A900D6A31C /* GenresViewCell.swift in Sources */ = {isa = PBXBuildFile; fileRef = D73A89F229CF46A900D6A31C /* GenresViewCell.swift */; };
		D73A89F529CF46A900D6A31C /* GenresViewCell.xib in Resources */ = {isa = PBXBuildFile; fileRef = D73A89F329CF46A900D6A31C /* GenresViewCell.xib */; };
		D73A89F829CF534400D6A31C /* WebVC.swift in Sources */ = {isa = PBXBuildFile; fileRef = D73A89F629CF534400D6A31C /* WebVC.swift */; };
		D73A89F929CF534400D6A31C /* WebVC.xib in Resources */ = {isa = PBXBuildFile; fileRef = D73A89F729CF534400D6A31C /* WebVC.xib */; };
		D73A8A0129D0123600D6A31C /* MovieBanner.swift in Sources */ = {isa = PBXBuildFile; fileRef = D73A8A0029D0123600D6A31C /* MovieBanner.swift */; };
		D73A8A0329D0123B00D6A31C /* MovieBanner.xib in Resources */ = {isa = PBXBuildFile; fileRef = D73A8A0229D0123B00D6A31C /* MovieBanner.xib */; };
		D73A8A0629D01BBC00D6A31C /* MoviewBannerViewCell.swift in Sources */ = {isa = PBXBuildFile; fileRef = D73A8A0429D01BBB00D6A31C /* MoviewBannerViewCell.swift */; };
		D73A8A0729D01BBC00D6A31C /* MoviewBannerViewCell.xib in Resources */ = {isa = PBXBuildFile; fileRef = D73A8A0529D01BBB00D6A31C /* MoviewBannerViewCell.xib */; };
		D73A8A0B29D28EEF00D6A31C /* LocationManager.swift in Sources */ = {isa = PBXBuildFile; fileRef = D73A8A0A29D28EEF00D6A31C /* LocationManager.swift */; };
		D73A8A0E29D2C7D800D6A31C /* ConfigApp.swift in Sources */ = {isa = PBXBuildFile; fileRef = D73A8A0D29D2C7D800D6A31C /* ConfigApp.swift */; };
		D73A8A1029D2C8D000D6A31C /* TVShowVC.swift in Sources */ = {isa = PBXBuildFile; fileRef = D73A8A0F29D2C8D000D6A31C /* TVShowVC.swift */; };
		D73A8A1229D2C95900D6A31C /* TvShowModel.swift in Sources */ = {isa = PBXBuildFile; fileRef = D73A8A1129D2C95900D6A31C /* TvShowModel.swift */; };
		D73A8A1429D2CAAA00D6A31C /* APITVSeries.swift in Sources */ = {isa = PBXBuildFile; fileRef = D73A8A1329D2CAAA00D6A31C /* APITVSeries.swift */; };
		D78A346A29E1383A0069242B /* LoginVC.swift in Sources */ = {isa = PBXBuildFile; fileRef = D78A346829E1383A0069242B /* LoginVC.swift */; };
		D78A346B29E1383A0069242B /* LoginVC.xib in Resources */ = {isa = PBXBuildFile; fileRef = D78A346929E1383A0069242B /* LoginVC.xib */; };
		D78A346D29E1396A0069242B /* TabBarController.swift in Sources */ = {isa = PBXBuildFile; fileRef = D78A346C29E1396A0069242B /* TabBarController.swift */; };
		D78A346F29E13C610069242B /* NavController.swift in Sources */ = {isa = PBXBuildFile; fileRef = D78A346E29E13C610069242B /* NavController.swift */; };
		D78A347529E14CF00069242B /* PolicyVc.swift in Sources */ = {isa = PBXBuildFile; fileRef = D78A347329E14CF00069242B /* PolicyVc.swift */; };
		D78A347629E14CF00069242B /* PolicyVc.xib in Resources */ = {isa = PBXBuildFile; fileRef = D78A347429E14CF00069242B /* PolicyVc.xib */; };
		D7B4B48729D2D11400DC74D4 /* TVshowViewCell.swift in Sources */ = {isa = PBXBuildFile; fileRef = D7B4B48529D2D11400DC74D4 /* TVshowViewCell.swift */; };
		D7B4B48829D2D11400DC74D4 /* TVshowViewCell.xib in Resources */ = {isa = PBXBuildFile; fileRef = D7B4B48629D2D11400DC74D4 /* TVshowViewCell.xib */; };
/* End PBXBuildFile section */

/* Begin PBXFileReference section */
		809C00C42A3735B000339B09 /* Global.swift */ = {isa = PBXFileReference; lastKnownFileType = sourcecode.swift; path = Global.swift; sourceTree = "<group>"; };
		D73A89C629CDFA0400D6A31C /* MovieGuide.app */ = {isa = PBXFileReference; explicitFileType = wrapper.application; includeInIndex = 0; path = MovieGuide.app; sourceTree = BUILT_PRODUCTS_DIR; };
		D73A89C929CDFA0400D6A31C /* AppDelegate.swift */ = {isa = PBXFileReference; lastKnownFileType = sourcecode.swift; path = AppDelegate.swift; sourceTree = "<group>"; };
		D73A89CB29CDFA0400D6A31C /* SceneDelegate.swift */ = {isa = PBXFileReference; lastKnownFileType = sourcecode.swift; path = SceneDelegate.swift; sourceTree = "<group>"; };
		D73A89CD29CDFA0400D6A31C /* MovieVC.swift */ = {isa = PBXFileReference; lastKnownFileType = sourcecode.swift; path = MovieVC.swift; sourceTree = "<group>"; };
		D73A89D029CDFA0400D6A31C /* Base */ = {isa = PBXFileReference; lastKnownFileType = file.storyboard; name = Base; path = Base.lproj/Main.storyboard; sourceTree = "<group>"; };
		D73A89D229CDFA0500D6A31C /* Assets.xcassets */ = {isa = PBXFileReference; lastKnownFileType = folder.assetcatalog; path = Assets.xcassets; sourceTree = "<group>"; };
		D73A89D529CDFA0500D6A31C /* Base */ = {isa = PBXFileReference; lastKnownFileType = file.storyboard; name = Base; path = Base.lproj/LaunchScreen.storyboard; sourceTree = "<group>"; };
		D73A89D729CDFA0500D6A31C /* Info.plist */ = {isa = PBXFileReference; lastKnownFileType = text.plist.xml; path = Info.plist; sourceTree = "<group>"; };
		D73A89DD29CDFC2500D6A31C /* APIMovie.swift */ = {isa = PBXFileReference; lastKnownFileType = sourcecode.swift; path = APIMovie.swift; sourceTree = "<group>"; };
		D73A89DF29CDFF7300D6A31C /* MoviesModel.swift */ = {isa = PBXFileReference; lastKnownFileType = sourcecode.swift; path = MoviesModel.swift; sourceTree = "<group>"; };
		D73A89E229CEA40400D6A31C /* PopularMovieViewCell.swift */ = {isa = PBXFileReference; lastKnownFileType = sourcecode.swift; path = PopularMovieViewCell.swift; sourceTree = "<group>"; };
		D73A89E329CEA40400D6A31C /* PopularMovieViewCell.xib */ = {isa = PBXFileReference; lastKnownFileType = file.xib; path = PopularMovieViewCell.xib; sourceTree = "<group>"; };
		D73A89E629CF2F7800D6A31C /* Extension.swift */ = {isa = PBXFileReference; lastKnownFileType = sourcecode.swift; path = Extension.swift; sourceTree = "<group>"; };
		D73A89EA29CF352700D6A31C /* ConfigURL.swift */ = {isa = PBXFileReference; lastKnownFileType = sourcecode.swift; path = ConfigURL.swift; sourceTree = "<group>"; };
		D73A89EE29CF39B600D6A31C /* DetailSelectVC.swift */ = {isa = PBXFileReference; lastKnownFileType = sourcecode.swift; path = DetailSelectVC.swift; sourceTree = "<group>"; };
		D73A89EF29CF39B600D6A31C /* DetailSelectVC.xib */ = {isa = PBXFileReference; lastKnownFileType = file.xib; path = DetailSelectVC.xib; sourceTree = "<group>"; };
		D73A89F229CF46A900D6A31C /* GenresViewCell.swift */ = {isa = PBXFileReference; lastKnownFileType = sourcecode.swift; path = GenresViewCell.swift; sourceTree = "<group>"; };
		D73A89F329CF46A900D6A31C /* GenresViewCell.xib */ = {isa = PBXFileReference; lastKnownFileType = file.xib; path = GenresViewCell.xib; sourceTree = "<group>"; };
		D73A89F629CF534400D6A31C /* WebVC.swift */ = {isa = PBXFileReference; lastKnownFileType = sourcecode.swift; path = WebVC.swift; sourceTree = "<group>"; };
		D73A89F729CF534400D6A31C /* WebVC.xib */ = {isa = PBXFileReference; lastKnownFileType = file.xib; path = WebVC.xib; sourceTree = "<group>"; };
		D73A8A0029D0123600D6A31C /* MovieBanner.swift */ = {isa = PBXFileReference; lastKnownFileType = sourcecode.swift; path = MovieBanner.swift; sourceTree = "<group>"; };
		D73A8A0229D0123B00D6A31C /* MovieBanner.xib */ = {isa = PBXFileReference; lastKnownFileType = file.xib; path = MovieBanner.xib; sourceTree = "<group>"; };
		D73A8A0429D01BBB00D6A31C /* MoviewBannerViewCell.swift */ = {isa = PBXFileReference; lastKnownFileType = sourcecode.swift; path = MoviewBannerViewCell.swift; sourceTree = "<group>"; };
		D73A8A0529D01BBB00D6A31C /* MoviewBannerViewCell.xib */ = {isa = PBXFileReference; lastKnownFileType = file.xib; path = MoviewBannerViewCell.xib; sourceTree = "<group>"; };
		D73A8A0A29D28EEF00D6A31C /* LocationManager.swift */ = {isa = PBXFileReference; lastKnownFileType = sourcecode.swift; path = LocationManager.swift; sourceTree = "<group>"; };
		D73A8A0D29D2C7D800D6A31C /* ConfigApp.swift */ = {isa = PBXFileReference; lastKnownFileType = sourcecode.swift; path = ConfigApp.swift; sourceTree = "<group>"; };
		D73A8A0F29D2C8D000D6A31C /* TVShowVC.swift */ = {isa = PBXFileReference; lastKnownFileType = sourcecode.swift; path = TVShowVC.swift; sourceTree = "<group>"; };
		D73A8A1129D2C95900D6A31C /* TvShowModel.swift */ = {isa = PBXFileReference; lastKnownFileType = sourcecode.swift; path = TvShowModel.swift; sourceTree = "<group>"; };
		D73A8A1329D2CAAA00D6A31C /* APITVSeries.swift */ = {isa = PBXFileReference; lastKnownFileType = sourcecode.swift; path = APITVSeries.swift; sourceTree = "<group>"; };
		D78A346829E1383A0069242B /* LoginVC.swift */ = {isa = PBXFileReference; lastKnownFileType = sourcecode.swift; path = LoginVC.swift; sourceTree = "<group>"; };
		D78A346929E1383A0069242B /* LoginVC.xib */ = {isa = PBXFileReference; lastKnownFileType = file.xib; path = LoginVC.xib; sourceTree = "<group>"; };
		D78A346C29E1396A0069242B /* TabBarController.swift */ = {isa = PBXFileReference; lastKnownFileType = sourcecode.swift; path = TabBarController.swift; sourceTree = "<group>"; };
		D78A346E29E13C610069242B /* NavController.swift */ = {isa = PBXFileReference; lastKnownFileType = sourcecode.swift; path = NavController.swift; sourceTree = "<group>"; };
		D78A347229E146310069242B /* MovieGuide.entitlements */ = {isa = PBXFileReference; lastKnownFileType = text.plist.entitlements; path = MovieGuide.entitlements; sourceTree = "<group>"; };
		D78A347329E14CF00069242B /* PolicyVc.swift */ = {isa = PBXFileReference; lastKnownFileType = sourcecode.swift; path = PolicyVc.swift; sourceTree = "<group>"; };
		D78A347429E14CF00069242B /* PolicyVc.xib */ = {isa = PBXFileReference; lastKnownFileType = file.xib; path = PolicyVc.xib; sourceTree = "<group>"; };
		D7B4B48529D2D11400DC74D4 /* TVshowViewCell.swift */ = {isa = PBXFileReference; lastKnownFileType = sourcecode.swift; path = TVshowViewCell.swift; sourceTree = "<group>"; };
		D7B4B48629D2D11400DC74D4 /* TVshowViewCell.xib */ = {isa = PBXFileReference; lastKnownFileType = file.xib; path = TVshowViewCell.xib; sourceTree = "<group>"; };
/* End PBXFileReference section */

/* Begin PBXFrameworksBuildPhase section */
		D73A89C329CDFA0400D6A31C /* Frameworks */ = {
			isa = PBXFrameworksBuildPhase;
			buildActionMask = 2147483647;
			files = (
			);
			runOnlyForDeploymentPostprocessing = 0;
		};
/* End PBXFrameworksBuildPhase section */

/* Begin PBXGroup section */
		803AA5692A37871F008C7680 /* ShareVC */ = {
			isa = PBXGroup;
			children = (
				D73A89EE29CF39B600D6A31C /* DetailSelectVC.swift */,
				D73A89EF29CF39B600D6A31C /* DetailSelectVC.xib */,
			);
			path = ShareVC;
			sourceTree = "<group>";
		};
		809C00C32A37335F00339B09 /* SubController */ = {
			isa = PBXGroup;
			children = (
				803AA5692A37871F008C7680 /* ShareVC */,
				D73A89EC29CF397B00D6A31C /* Moview_Tab1 */,
				D73A8A0C29D2C56400D6A31C /* TVShow_Tab2 */,
			);
			path = SubController;
			sourceTree = "<group>";
		};
		D73A89BD29CDFA0400D6A31C = {
			isa = PBXGroup;
			children = (
				D73A89C829CDFA0400D6A31C /* MovieGuide */,
				D73A89C729CDFA0400D6A31C /* Products */,
			);
			sourceTree = "<group>";
		};
		D73A89C729CDFA0400D6A31C /* Products */ = {
			isa = PBXGroup;
			children = (
				D73A89C629CDFA0400D6A31C /* MovieGuide.app */,
			);
			name = Products;
			sourceTree = "<group>";
		};
		D73A89C829CDFA0400D6A31C /* MovieGuide */ = {
			isa = PBXGroup;
			children = (
				D78A347229E146310069242B /* MovieGuide.entitlements */,
				D78A347129E145FA0069242B /* ConfigProject */,
				D73A89C929CDFA0400D6A31C /* AppDelegate.swift */,
				D73A89CB29CDFA0400D6A31C /* SceneDelegate.swift */,
				D73A89CF29CDFA0400D6A31C /* Main.storyboard */,
				D78A347029E140480069242B /* CenterController */,
				D73A89E129CE05EE00D6A31C /* Service */,
				D73A89D229CDFA0500D6A31C /* Assets.xcassets */,
				D73A89D429CDFA0500D6A31C /* LaunchScreen.storyboard */,
				D73A89D729CDFA0500D6A31C /* Info.plist */,
			);
			path = MovieGuide;
			sourceTree = "<group>";
		};
		D73A89E129CE05EE00D6A31C /* Service */ = {
			isa = PBXGroup;
			children = (
				D73A8A1629D2CAC800D6A31C /* MovieAPI */,
				D73A8A1529D2CAC000D6A31C /* TvAPI */,
			);
			path = Service;
			sourceTree = "<group>";
		};
		D73A89EC29CF397B00D6A31C /* Moview_Tab1 */ = {
			isa = PBXGroup;
			children = (
				D73A89CD29CDFA0400D6A31C /* MovieVC.swift */,
				D73A89E229CEA40400D6A31C /* PopularMovieViewCell.swift */,
				D73A89E329CEA40400D6A31C /* PopularMovieViewCell.xib */,
				D73A89FA29D0116600D6A31C /* MovieBannerSubView */,
				D73A89ED29CF399A00D6A31C /* MovieDetail */,
			);
			path = Moview_Tab1;
			sourceTree = "<group>";
		};
		D73A89ED29CF399A00D6A31C /* MovieDetail */ = {
			isa = PBXGroup;
			children = (
				D73A89F229CF46A900D6A31C /* GenresViewCell.swift */,
				D73A89F329CF46A900D6A31C /* GenresViewCell.xib */,
				D73A89F629CF534400D6A31C /* WebVC.swift */,
				D73A89F729CF534400D6A31C /* WebVC.xib */,
			);
			path = MovieDetail;
			sourceTree = "<group>";
		};
		D73A89FA29D0116600D6A31C /* MovieBannerSubView */ = {
			isa = PBXGroup;
			children = (
				D73A8A0029D0123600D6A31C /* MovieBanner.swift */,
				D73A8A0229D0123B00D6A31C /* MovieBanner.xib */,
				D73A8A0429D01BBB00D6A31C /* MoviewBannerViewCell.swift */,
				D73A8A0529D01BBB00D6A31C /* MoviewBannerViewCell.xib */,
			);
			path = MovieBannerSubView;
			sourceTree = "<group>";
		};
		D73A8A0C29D2C56400D6A31C /* TVShow_Tab2 */ = {
			isa = PBXGroup;
			children = (
				D73A8A0F29D2C8D000D6A31C /* TVShowVC.swift */,
				D7B4B48529D2D11400DC74D4 /* TVshowViewCell.swift */,
				D7B4B48629D2D11400DC74D4 /* TVshowViewCell.xib */,
			);
			path = TVShow_Tab2;
			sourceTree = "<group>";
		};
		D73A8A1529D2CAC000D6A31C /* TvAPI */ = {
			isa = PBXGroup;
			children = (
				D73A8A1129D2C95900D6A31C /* TvShowModel.swift */,
				D73A8A1329D2CAAA00D6A31C /* APITVSeries.swift */,
			);
			path = TvAPI;
			sourceTree = "<group>";
		};
		D73A8A1629D2CAC800D6A31C /* MovieAPI */ = {
			isa = PBXGroup;
			children = (
				D73A89DF29CDFF7300D6A31C /* MoviesModel.swift */,
				D73A89DD29CDFC2500D6A31C /* APIMovie.swift */,
			);
			path = MovieAPI;
			sourceTree = "<group>";
		};
		D78A346729E138230069242B /* LoginVc */ = {
			isa = PBXGroup;
			children = (
				D78A346829E1383A0069242B /* LoginVC.swift */,
				D78A346929E1383A0069242B /* LoginVC.xib */,
				D78A347329E14CF00069242B /* PolicyVc.swift */,
				D78A347429E14CF00069242B /* PolicyVc.xib */,
			);
			path = LoginVc;
			sourceTree = "<group>";
		};
		D78A347029E140480069242B /* CenterController */ = {
			isa = PBXGroup;
			children = (
				D78A346E29E13C610069242B /* NavController.swift */,
				D78A346C29E1396A0069242B /* TabBarController.swift */,
				D78A346729E138230069242B /* LoginVc */,
				809C00C32A37335F00339B09 /* SubController */,
			);
			path = CenterController;
			sourceTree = "<group>";
		};
		D78A347129E145FA0069242B /* ConfigProject */ = {
			isa = PBXGroup;
			children = (
				D73A8A0A29D28EEF00D6A31C /* LocationManager.swift */,
				D73A89E629CF2F7800D6A31C /* Extension.swift */,
				D73A8A0D29D2C7D800D6A31C /* ConfigApp.swift */,
				D73A89EA29CF352700D6A31C /* ConfigURL.swift */,
				809C00C42A3735B000339B09 /* Global.swift */,
			);
			path = ConfigProject;
			sourceTree = "<group>";
		};
/* End PBXGroup section */

/* Begin PBXNativeTarget section */
		D73A89C529CDFA0400D6A31C /* MovieGuide */ = {
			isa = PBXNativeTarget;
			buildConfigurationList = D73A89DA29CDFA0500D6A31C /* Build configuration list for PBXNativeTarget "MovieGuide" */;
			buildPhases = (
				D73A89C229CDFA0400D6A31C /* Sources */,
				D73A89C329CDFA0400D6A31C /* Frameworks */,
				D73A89C429CDFA0400D6A31C /* Resources */,
			);
			buildRules = (
			);
			dependencies = (
			);
			name = MovieGuide;
			productName = MovieGuide;
			productReference = D73A89C629CDFA0400D6A31C /* MovieGuide.app */;
			productType = "com.apple.product-type.application";
		};
/* End PBXNativeTarget section */

/* Begin PBXProject section */
		D73A89BE29CDFA0400D6A31C /* Project object */ = {
			isa = PBXProject;
			attributes = {
				BuildIndependentTargetsInParallel = 1;
				LastSwiftUpdateCheck = 1420;
				LastUpgradeCheck = 1420;
				TargetAttributes = {
					D73A89C529CDFA0400D6A31C = {
						CreatedOnToolsVersion = 14.2;
					};
				};
			};
			buildConfigurationList = D73A89C129CDFA0400D6A31C /* Build configuration list for PBXProject "MovieGuide" */;
			compatibilityVersion = "Xcode 14.0";
			developmentRegion = en;
			hasScannedForEncodings = 0;
			knownRegions = (
				en,
				Base,
			);
			mainGroup = D73A89BD29CDFA0400D6A31C;
			productRefGroup = D73A89C729CDFA0400D6A31C /* Products */;
			projectDirPath = "";
			projectRoot = "";
			targets = (
				D73A89C529CDFA0400D6A31C /* MovieGuide */,
			);
		};
/* End PBXProject section */

/* Begin PBXResourcesBuildPhase section */
		D73A89C429CDFA0400D6A31C /* Resources */ = {
			isa = PBXResourcesBuildPhase;
			buildActionMask = 2147483647;
			files = (
				D73A89F529CF46A900D6A31C /* GenresViewCell.xib in Resources */,
				D78A346B29E1383A0069242B /* LoginVC.xib in Resources */,
				D73A89F129CF39B600D6A31C /* DetailSelectVC.xib in Resources */,
				D73A89F929CF534400D6A31C /* WebVC.xib in Resources */,
				D73A89D629CDFA0500D6A31C /* LaunchScreen.storyboard in Resources */,
				D73A89D329CDFA0500D6A31C /* Assets.xcassets in Resources */,
				D73A89D129CDFA0400D6A31C /* Main.storyboard in Resources */,
				D73A8A0329D0123B00D6A31C /* MovieBanner.xib in Resources */,
				D7B4B48829D2D11400DC74D4 /* TVshowViewCell.xib in Resources */,
				D73A8A0729D01BBC00D6A31C /* MoviewBannerViewCell.xib in Resources */,
				D78A347629E14CF00069242B /* PolicyVc.xib in Resources */,
				D73A89E529CEA40400D6A31C /* PopularMovieViewCell.xib in Resources */,
			);
			runOnlyForDeploymentPostprocessing = 0;
		};
/* End PBXResourcesBuildPhase section */

/* Begin PBXSourcesBuildPhase section */
		D73A89C229CDFA0400D6A31C /* Sources */ = {
			isa = PBXSourcesBuildPhase;
			buildActionMask = 2147483647;
			files = (
				D73A89CE29CDFA0400D6A31C /* MovieVC.swift in Sources */,
				D73A89CA29CDFA0400D6A31C /* AppDelegate.swift in Sources */,
				D73A8A0629D01BBC00D6A31C /* MoviewBannerViewCell.swift in Sources */,
				D73A8A0129D0123600D6A31C /* MovieBanner.swift in Sources */,
				D73A89E729CF2F7800D6A31C /* Extension.swift in Sources */,
				D78A346F29E13C610069242B /* NavController.swift in Sources */,
				D73A89EB29CF352700D6A31C /* ConfigURL.swift in Sources */,
				D73A8A1429D2CAAA00D6A31C /* APITVSeries.swift in Sources */,
				809C00C52A3735B000339B09 /* Global.swift in Sources */,
				D73A89F029CF39B600D6A31C /* DetailSelectVC.swift in Sources */,
				D73A89E029CDFF7300D6A31C /* MoviesModel.swift in Sources */,
				D73A89E429CEA40400D6A31C /* PopularMovieViewCell.swift in Sources */,
				D73A89CC29CDFA0400D6A31C /* SceneDelegate.swift in Sources */,
				D73A8A1229D2C95900D6A31C /* TvShowModel.swift in Sources */,
				D73A8A0B29D28EEF00D6A31C /* LocationManager.swift in Sources */,
				D73A8A0E29D2C7D800D6A31C /* ConfigApp.swift in Sources */,
				D78A346A29E1383A0069242B /* LoginVC.swift in Sources */,
				D73A89F429CF46A900D6A31C /* GenresViewCell.swift in Sources */,
				D7B4B48729D2D11400DC74D4 /* TVshowViewCell.swift in Sources */,
				D73A8A1029D2C8D000D6A31C /* TVShowVC.swift in Sources */,
				D78A346D29E1396A0069242B /* TabBarController.swift in Sources */,
				D78A347529E14CF00069242B /* PolicyVc.swift in Sources */,
				D73A89DE29CDFC2500D6A31C /* APIMovie.swift in Sources */,
				D73A89F829CF534400D6A31C /* WebVC.swift in Sources */,
			);
			runOnlyForDeploymentPostprocessing = 0;
		};
/* End PBXSourcesBuildPhase section */

/* Begin PBXVariantGroup section */
		D73A89CF29CDFA0400D6A31C /* Main.storyboard */ = {
			isa = PBXVariantGroup;
			children = (
				D73A89D029CDFA0400D6A31C /* Base */,
			);
			name = Main.storyboard;
			sourceTree = "<group>";
		};
		D73A89D429CDFA0500D6A31C /* LaunchScreen.storyboard */ = {
			isa = PBXVariantGroup;
			children = (
				D73A89D529CDFA0500D6A31C /* Base */,
			);
			name = LaunchScreen.storyboard;
			sourceTree = "<group>";
		};
/* End PBXVariantGroup section */

/* Begin XCBuildConfiguration section */
		D73A89D829CDFA0500D6A31C /* Debug */ = {
			isa = XCBuildConfiguration;
			buildSettings = {
				ALWAYS_SEARCH_USER_PATHS = NO;
				CLANG_ANALYZER_NONNULL = YES;
				CLANG_ANALYZER_NUMBER_OBJECT_CONVERSION = YES_AGGRESSIVE;
				CLANG_CXX_LANGUAGE_STANDARD = "gnu++20";
				CLANG_ENABLE_MODULES = YES;
				CLANG_ENABLE_OBJC_ARC = YES;
				CLANG_ENABLE_OBJC_WEAK = YES;
				CLANG_WARN_BLOCK_CAPTURE_AUTORELEASING = YES;
				CLANG_WARN_BOOL_CONVERSION = YES;
				CLANG_WARN_COMMA = YES;
				CLANG_WARN_CONSTANT_CONVERSION = YES;
				CLANG_WARN_DEPRECATED_OBJC_IMPLEMENTATIONS = YES;
				CLANG_WARN_DIRECT_OBJC_ISA_USAGE = YES_ERROR;
				CLANG_WARN_DOCUMENTATION_COMMENTS = YES;
				CLANG_WARN_EMPTY_BODY = YES;
				CLANG_WARN_ENUM_CONVERSION = YES;
				CLANG_WARN_INFINITE_RECURSION = YES;
				CLANG_WARN_INT_CONVERSION = YES;
				CLANG_WARN_NON_LITERAL_NULL_CONVERSION = YES;
				CLANG_WARN_OBJC_IMPLICIT_RETAIN_SELF = YES;
				CLANG_WARN_OBJC_LITERAL_CONVERSION = YES;
				CLANG_WARN_OBJC_ROOT_CLASS = YES_ERROR;
				CLANG_WARN_QUOTED_INCLUDE_IN_FRAMEWORK_HEADER = YES;
				CLANG_WARN_RANGE_LOOP_ANALYSIS = YES;
				CLANG_WARN_STRICT_PROTOTYPES = YES;
				CLANG_WARN_SUSPICIOUS_MOVE = YES;
				CLANG_WARN_UNGUARDED_AVAILABILITY = YES_AGGRESSIVE;
				CLANG_WARN_UNREACHABLE_CODE = YES;
				CLANG_WARN__DUPLICATE_METHOD_MATCH = YES;
				COPY_PHASE_STRIP = NO;
				DEBUG_INFORMATION_FORMAT = dwarf;
				ENABLE_STRICT_OBJC_MSGSEND = YES;
				ENABLE_TESTABILITY = YES;
				GCC_C_LANGUAGE_STANDARD = gnu11;
				GCC_DYNAMIC_NO_PIC = NO;
				GCC_NO_COMMON_BLOCKS = YES;
				GCC_OPTIMIZATION_LEVEL = 0;
				GCC_PREPROCESSOR_DEFINITIONS = (
					"DEBUG=1",
					"$(inherited)",
				);
				GCC_WARN_64_TO_32_BIT_CONVERSION = YES;
				GCC_WARN_ABOUT_RETURN_TYPE = YES_ERROR;
				GCC_WARN_UNDECLARED_SELECTOR = YES;
				GCC_WARN_UNINITIALIZED_AUTOS = YES_AGGRESSIVE;
				GCC_WARN_UNUSED_FUNCTION = YES;
				GCC_WARN_UNUSED_VARIABLE = YES;
				IPHONEOS_DEPLOYMENT_TARGET = 16.2;
				MTL_ENABLE_DEBUG_INFO = INCLUDE_SOURCE;
				MTL_FAST_MATH = YES;
				ONLY_ACTIVE_ARCH = YES;
				SDKROOT = iphoneos;
				SWIFT_ACTIVE_COMPILATION_CONDITIONS = DEBUG;
				SWIFT_OPTIMIZATION_LEVEL = "-Onone";
			};
			name = Debug;
		};
		D73A89D929CDFA0500D6A31C /* Release */ = {
			isa = XCBuildConfiguration;
			buildSettings = {
				ALWAYS_SEARCH_USER_PATHS = NO;
				CLANG_ANALYZER_NONNULL = YES;
				CLANG_ANALYZER_NUMBER_OBJECT_CONVERSION = YES_AGGRESSIVE;
				CLANG_CXX_LANGUAGE_STANDARD = "gnu++20";
				CLANG_ENABLE_MODULES = YES;
				CLANG_ENABLE_OBJC_ARC = YES;
				CLANG_ENABLE_OBJC_WEAK = YES;
				CLANG_WARN_BLOCK_CAPTURE_AUTORELEASING = YES;
				CLANG_WARN_BOOL_CONVERSION = YES;
				CLANG_WARN_COMMA = YES;
				CLANG_WARN_CONSTANT_CONVERSION = YES;
				CLANG_WARN_DEPRECATED_OBJC_IMPLEMENTATIONS = YES;
				CLANG_WARN_DIRECT_OBJC_ISA_USAGE = YES_ERROR;
				CLANG_WARN_DOCUMENTATION_COMMENTS = YES;
				CLANG_WARN_EMPTY_BODY = YES;
				CLANG_WARN_ENUM_CONVERSION = YES;
				CLANG_WARN_INFINITE_RECURSION = YES;
				CLANG_WARN_INT_CONVERSION = YES;
				CLANG_WARN_NON_LITERAL_NULL_CONVERSION = YES;
				CLANG_WARN_OBJC_IMPLICIT_RETAIN_SELF = YES;
				CLANG_WARN_OBJC_LITERAL_CONVERSION = YES;
				CLANG_WARN_OBJC_ROOT_CLASS = YES_ERROR;
				CLANG_WARN_QUOTED_INCLUDE_IN_FRAMEWORK_HEADER = YES;
				CLANG_WARN_RANGE_LOOP_ANALYSIS = YES;
				CLANG_WARN_STRICT_PROTOTYPES = YES;
				CLANG_WARN_SUSPICIOUS_MOVE = YES;
				CLANG_WARN_UNGUARDED_AVAILABILITY = YES_AGGRESSIVE;
				CLANG_WARN_UNREACHABLE_CODE = YES;
				CLANG_WARN__DUPLICATE_METHOD_MATCH = YES;
				COPY_PHASE_STRIP = NO;
				DEBUG_INFORMATION_FORMAT = "dwarf-with-dsym";
				ENABLE_NS_ASSERTIONS = NO;
				ENABLE_STRICT_OBJC_MSGSEND = YES;
				GCC_C_LANGUAGE_STANDARD = gnu11;
				GCC_NO_COMMON_BLOCKS = YES;
				GCC_WARN_64_TO_32_BIT_CONVERSION = YES;
				GCC_WARN_ABOUT_RETURN_TYPE = YES_ERROR;
				GCC_WARN_UNDECLARED_SELECTOR = YES;
				GCC_WARN_UNINITIALIZED_AUTOS = YES_AGGRESSIVE;
				GCC_WARN_UNUSED_FUNCTION = YES;
				GCC_WARN_UNUSED_VARIABLE = YES;
				IPHONEOS_DEPLOYMENT_TARGET = 16.2;
				MTL_ENABLE_DEBUG_INFO = NO;
				MTL_FAST_MATH = YES;
				SDKROOT = iphoneos;
				SWIFT_COMPILATION_MODE = wholemodule;
				SWIFT_OPTIMIZATION_LEVEL = "-O";
				VALIDATE_PRODUCT = YES;
			};
			name = Release;
		};
		D73A89DB29CDFA0500D6A31C /* Debug */ = {
			isa = XCBuildConfiguration;
			buildSettings = {
				ASSETCATALOG_COMPILER_APPICON_NAME = AppIcon;
				ASSETCATALOG_COMPILER_GLOBAL_ACCENT_COLOR_NAME = AccentColor;
				CODE_SIGN_ENTITLEMENTS = MovieGuide/MovieGuide.entitlements;
				CODE_SIGN_STYLE = Automatic;
				CURRENT_PROJECT_VERSION = 1;
				GENERATE_INFOPLIST_FILE = YES;
				INFOPLIST_FILE = MovieGuide/Info.plist;
				INFOPLIST_KEY_UIApplicationSupportsIndirectInputEvents = YES;
				INFOPLIST_KEY_UILaunchStoryboardName = LaunchScreen;
				INFOPLIST_KEY_UIMainStoryboardFile = Main;
				INFOPLIST_KEY_UISupportedInterfaceOrientations_iPad = "UIInterfaceOrientationPortrait UIInterfaceOrientationPortraitUpsideDown UIInterfaceOrientationLandscapeLeft UIInterfaceOrientationLandscapeRight";
				INFOPLIST_KEY_UISupportedInterfaceOrientations_iPhone = "UIInterfaceOrientationPortrait UIInterfaceOrientationLandscapeLeft UIInterfaceOrientationLandscapeRight";
				LD_RUNPATH_SEARCH_PATHS = (
					"$(inherited)",
					"@executable_path/Frameworks",
				);
				MARKETING_VERSION = 1.0;
				PRODUCT_BUNDLE_IDENTIFIER = LearnSwift.MovieGuide;
				PRODUCT_NAME = "$(TARGET_NAME)";
				SWIFT_EMIT_LOC_STRINGS = YES;
				SWIFT_VERSION = 5.0;
				TARGETED_DEVICE_FAMILY = "1,2";
			};
			name = Debug;
		};
		D73A89DC29CDFA0500D6A31C /* Release */ = {
			isa = XCBuildConfiguration;
			buildSettings = {
				ASSETCATALOG_COMPILER_APPICON_NAME = AppIcon;
				ASSETCATALOG_COMPILER_GLOBAL_ACCENT_COLOR_NAME = AccentColor;
				CODE_SIGN_ENTITLEMENTS = MovieGuide/MovieGuide.entitlements;
				CODE_SIGN_STYLE = Automatic;
				CURRENT_PROJECT_VERSION = 1;
				GENERATE_INFOPLIST_FILE = YES;
				INFOPLIST_FILE = MovieGuide/Info.plist;
				INFOPLIST_KEY_UIApplicationSupportsIndirectInputEvents = YES;
				INFOPLIST_KEY_UILaunchStoryboardName = LaunchScreen;
				INFOPLIST_KEY_UIMainStoryboardFile = Main;
				INFOPLIST_KEY_UISupportedInterfaceOrientations_iPad = "UIInterfaceOrientationPortrait UIInterfaceOrientationPortraitUpsideDown UIInterfaceOrientationLandscapeLeft UIInterfaceOrientationLandscapeRight";
				INFOPLIST_KEY_UISupportedInterfaceOrientations_iPhone = "UIInterfaceOrientationPortrait UIInterfaceOrientationLandscapeLeft UIInterfaceOrientationLandscapeRight";
				LD_RUNPATH_SEARCH_PATHS = (
					"$(inherited)",
					"@executable_path/Frameworks",
				);
				MARKETING_VERSION = 1.0;
				PRODUCT_BUNDLE_IDENTIFIER = LearnSwift.MovieGuide;
				PRODUCT_NAME = "$(TARGET_NAME)";
				SWIFT_EMIT_LOC_STRINGS = YES;
				SWIFT_VERSION = 5.0;
				TARGETED_DEVICE_FAMILY = "1,2";
			};
			name = Release;
		};
/* End XCBuildConfiguration section */

/* Begin XCConfigurationList section */
		D73A89C129CDFA0400D6A31C /* Build configuration list for PBXProject "MovieGuide" */ = {
			isa = XCConfigurationList;
			buildConfigurations = (
				D73A89D829CDFA0500D6A31C /* Debug */,
				D73A89D929CDFA0500D6A31C /* Release */,
			);
			defaultConfigurationIsVisible = 0;
			defaultConfigurationName = Release;
		};
		D73A89DA29CDFA0500D6A31C /* Build configuration list for PBXNativeTarget "MovieGuide" */ = {
			isa = XCConfigurationList;
			buildConfigurations = (
				D73A89DB29CDFA0500D6A31C /* Debug */,
				D73A89DC29CDFA0500D6A31C /* Release */,
			);
			defaultConfigurationIsVisible = 0;
			defaultConfigurationName = Release;
		};
/* End XCConfigurationList section */
	};
	rootObject = D73A89BE29CDFA0400D6A31C /* Project object */;
}
