// !$*UTF8*$!
{
	archiveVersion = 1;
	classes = {
	};
	objectVersion = 56;
	objects = {

/* Begin PBXBuildFile section */
		8019FE742ADBBBE800C4B3F5 /* Widget.swift in Sources */ = {isa = PBXBuildFile; fileRef = 8019FE732ADBBBE800C4B3F5 /* Widget.swift */; };
		8019FE7B2ADBBF6900C4B3F5 /* WedgetItem.swift in Sources */ = {isa = PBXBuildFile; fileRef = 8019FE7A2ADBBF6900C4B3F5 /* WedgetItem.swift */; };
		8019FE822ADBBFC100C4B3F5 /* WidgetKit.framework in Frameworks */ = {isa = PBXBuildFile; fileRef = 8019FE812ADBBFC100C4B3F5 /* WidgetKit.framework */; };
		8019FE842ADBBFC100C4B3F5 /* SwiftUI.framework in Frameworks */ = {isa = PBXBuildFile; fileRef = 8019FE832ADBBFC100C4B3F5 /* SwiftUI.framework */; };
		8019FE872ADBBFC100C4B3F5 /* Wiedgets_ScreenBundle.swift in Sources */ = {isa = PBXBuildFile; fileRef = 8019FE862ADBBFC100C4B3F5 /* Wiedgets_ScreenBundle.swift */; };
		8019FE892ADBBFC100C4B3F5 /* Wiedgets_ScreenLiveActivity.swift in Sources */ = {isa = PBXBuildFile; fileRef = 8019FE882ADBBFC100C4B3F5 /* Wiedgets_ScreenLiveActivity.swift */; };
		8019FE8B2ADBBFC100C4B3F5 /* Wiedgets_Screen.swift in Sources */ = {isa = PBXBuildFile; fileRef = 8019FE8A2ADBBFC100C4B3F5 /* Wiedgets_Screen.swift */; };
		8019FE8E2ADBBFC200C4B3F5 /* Assets.xcassets in Resources */ = {isa = PBXBuildFile; fileRef = 8019FE8D2ADBBFC200C4B3F5 /* Assets.xcassets */; };
		8019FE902ADBBFC200C4B3F5 /* Wiedgets_Screen.intentdefinition in Sources */ = {isa = PBXBuildFile; fileRef = 8019FE8C2ADBBFC100C4B3F5 /* Wiedgets_Screen.intentdefinition */; };
		8019FE912ADBBFC200C4B3F5 /* Wiedgets_Screen.intentdefinition in Sources */ = {isa = PBXBuildFile; fileRef = 8019FE8C2ADBBFC100C4B3F5 /* Wiedgets_Screen.intentdefinition */; };
		8019FE942ADBBFC200C4B3F5 /* Wiedgets_ScreenExtension.appex in Embed Foundation Extensions */ = {isa = PBXBuildFile; fileRef = 8019FE802ADBBFC100C4B3F5 /* Wiedgets_ScreenExtension.appex */; settings = {ATTRIBUTES = (RemoveHeadersOnCopy, ); }; };
		806144FA2B64FB30006B1B4A /* HomeVC.swift in Sources */ = {isa = PBXBuildFile; fileRef = 806144F92B64FB30006B1B4A /* HomeVC.swift */; };
		806144FC2B64FBDA006B1B4A /* LunachScreenVC.swift in Sources */ = {isa = PBXBuildFile; fileRef = 806144FB2B64FBDA006B1B4A /* LunachScreenVC.swift */; };
		806145012B64FD53006B1B4A /* ConfigGeneral.swift in Sources */ = {isa = PBXBuildFile; fileRef = 806145002B64FD53006B1B4A /* ConfigGeneral.swift */; };
		806145042B64FEE7006B1B4A /* ViewScreenExtension.swift in Sources */ = {isa = PBXBuildFile; fileRef = 806145032B64FEE7006B1B4A /* ViewScreenExtension.swift */; };
		806145092B650191006B1B4A /* HomeModel.swift in Sources */ = {isa = PBXBuildFile; fileRef = 806145082B650191006B1B4A /* HomeModel.swift */; };
		8061450C2B6501DA006B1B4A /* TbvMovieHome.swift in Sources */ = {isa = PBXBuildFile; fileRef = 8061450B2B6501DA006B1B4A /* TbvMovieHome.swift */; };
		8061450E2B650234006B1B4A /* HeaderTbvScrollMovie.swift in Sources */ = {isa = PBXBuildFile; fileRef = 8061450D2B650234006B1B4A /* HeaderTbvScrollMovie.swift */; };
		806145102B6502AA006B1B4A /* UICollectionViewPagingFlowLayout.swift in Sources */ = {isa = PBXBuildFile; fileRef = 8061450F2B6502AA006B1B4A /* UICollectionViewPagingFlowLayout.swift */; };
		806145122B6502E2006B1B4A /* ConfigUI.swift in Sources */ = {isa = PBXBuildFile; fileRef = 806145112B6502E2006B1B4A /* ConfigUI.swift */; };
		806145152B65033A006B1B4A /* CustomService.swift in Sources */ = {isa = PBXBuildFile; fileRef = 806145142B65033A006B1B4A /* CustomService.swift */; };
		806145172B650379006B1B4A /* ConfigURL.swift in Sources */ = {isa = PBXBuildFile; fileRef = 806145162B650379006B1B4A /* ConfigURL.swift */; };
		806145192B6503CD006B1B4A /* KeyChainManager.swift in Sources */ = {isa = PBXBuildFile; fileRef = 806145182B6503CD006B1B4A /* KeyChainManager.swift */; };
		8061451D2B65059A006B1B4A /* TbvPosterViewCell.swift in Sources */ = {isa = PBXBuildFile; fileRef = 8061451C2B65059A006B1B4A /* TbvPosterViewCell.swift */; };
		8061451F2B6505CF006B1B4A /* MoviePosterViewCell.swift in Sources */ = {isa = PBXBuildFile; fileRef = 8061451E2B6505CF006B1B4A /* MoviePosterViewCell.swift */; };
		806145212B65078E006B1B4A /* ConfigPresentVC.swift in Sources */ = {isa = PBXBuildFile; fileRef = 806145202B65078E006B1B4A /* ConfigPresentVC.swift */; };
		806145242B650844006B1B4A /* CltvHeaderViewCell.swift in Sources */ = {isa = PBXBuildFile; fileRef = 806145222B650844006B1B4A /* CltvHeaderViewCell.swift */; };
		806145252B650844006B1B4A /* CltvHeaderViewCell.xib in Resources */ = {isa = PBXBuildFile; fileRef = 806145232B650844006B1B4A /* CltvHeaderViewCell.xib */; };
		806145272B650BF0006B1B4A /* HeaderSectionTbvView.swift in Sources */ = {isa = PBXBuildFile; fileRef = 806145262B650BF0006B1B4A /* HeaderSectionTbvView.swift */; };
		80A3D06D2AB6F1BC00F30517 /* Assets.xcassets in Resources */ = {isa = PBXBuildFile; fileRef = 80A3D06C2AB6F1BC00F30517 /* Assets.xcassets */; };
		80A3D0702AB6F1BC00F30517 /* LaunchScreen.storyboard in Resources */ = {isa = PBXBuildFile; fileRef = 80A3D06E2AB6F1BC00F30517 /* LaunchScreen.storyboard */; };
		80A3D0C62AB6F27E00F30517 /* SceneDelegate.swift in Sources */ = {isa = PBXBuildFile; fileRef = 80A3D0782AB6F27D00F30517 /* SceneDelegate.swift */; };
		80A3D0CD2AB6F27E00F30517 /* NavController.swift in Sources */ = {isa = PBXBuildFile; fileRef = 80A3D0812AB6F27D00F30517 /* NavController.swift */; };
		80A3D0ED2AB6F27E00F30517 /* TabBarController.swift in Sources */ = {isa = PBXBuildFile; fileRef = 80A3D0B02AB6F27D00F30517 /* TabBarController.swift */; };
		80A3D0EE2AB6F27E00F30517 /* Main.storyboard in Resources */ = {isa = PBXBuildFile; fileRef = 80A3D0B12AB6F27D00F30517 /* Main.storyboard */; };
		80A3D0F92AB6F27E00F30517 /* AppDelegate.swift in Sources */ = {isa = PBXBuildFile; fileRef = 80A3D0BE2AB6F27D00F30517 /* AppDelegate.swift */; };
		8F841D857B7A7E10EF9DCB01 /* Pods_MovieGuide.framework in Frameworks */ = {isa = PBXBuildFile; fileRef = 02D681A128EB8C3635A0A29E /* Pods_MovieGuide.framework */; };
/* End PBXBuildFile section */

/* Begin PBXContainerItemProxy section */
		8019FE922ADBBFC200C4B3F5 /* PBXContainerItemProxy */ = {
			isa = PBXContainerItemProxy;
			containerPortal = 80A3D0582AB6F1BB00F30517 /* Project object */;
			proxyType = 1;
			remoteGlobalIDString = 8019FE7F2ADBBFC100C4B3F5;
			remoteInfo = Wiedgets_ScreenExtension;
		};
/* End PBXContainerItemProxy section */

/* Begin PBXCopyFilesBuildPhase section */
		8019FE982ADBBFC200C4B3F5 /* Embed Foundation Extensions */ = {
			isa = PBXCopyFilesBuildPhase;
			buildActionMask = 2147483647;
			dstPath = "";
			dstSubfolderSpec = 13;
			files = (
				8019FE942ADBBFC200C4B3F5 /* Wiedgets_ScreenExtension.appex in Embed Foundation Extensions */,
			);
			name = "Embed Foundation Extensions";
			runOnlyForDeploymentPostprocessing = 0;
		};
/* End PBXCopyFilesBuildPhase section */

/* Begin PBXFileReference section */
		02D681A128EB8C3635A0A29E /* Pods_MovieGuide.framework */ = {isa = PBXFileReference; explicitFileType = wrapper.framework; includeInIndex = 0; path = Pods_MovieGuide.framework; sourceTree = BUILT_PRODUCTS_DIR; };
		39E2E3467D66492F35444D04 /* Pods-MovieGuide.release.xcconfig */ = {isa = PBXFileReference; includeInIndex = 1; lastKnownFileType = text.xcconfig; name = "Pods-MovieGuide.release.xcconfig"; path = "Target Support Files/Pods-MovieGuide/Pods-MovieGuide.release.xcconfig"; sourceTree = "<group>"; };
		8019FE732ADBBBE800C4B3F5 /* Widget.swift */ = {isa = PBXFileReference; lastKnownFileType = sourcecode.swift; path = Widget.swift; sourceTree = "<group>"; };
		8019FE7A2ADBBF6900C4B3F5 /* WedgetItem.swift */ = {isa = PBXFileReference; lastKnownFileType = sourcecode.swift; path = WedgetItem.swift; sourceTree = "<group>"; };
		8019FE802ADBBFC100C4B3F5 /* Wiedgets_ScreenExtension.appex */ = {isa = PBXFileReference; explicitFileType = "wrapper.app-extension"; includeInIndex = 0; path = Wiedgets_ScreenExtension.appex; sourceTree = BUILT_PRODUCTS_DIR; };
		8019FE812ADBBFC100C4B3F5 /* WidgetKit.framework */ = {isa = PBXFileReference; lastKnownFileType = wrapper.framework; name = WidgetKit.framework; path = System/Library/Frameworks/WidgetKit.framework; sourceTree = SDKROOT; };
		8019FE832ADBBFC100C4B3F5 /* SwiftUI.framework */ = {isa = PBXFileReference; lastKnownFileType = wrapper.framework; name = SwiftUI.framework; path = System/Library/Frameworks/SwiftUI.framework; sourceTree = SDKROOT; };
		8019FE862ADBBFC100C4B3F5 /* Wiedgets_ScreenBundle.swift */ = {isa = PBXFileReference; lastKnownFileType = sourcecode.swift; path = Wiedgets_ScreenBundle.swift; sourceTree = "<group>"; };
		8019FE882ADBBFC100C4B3F5 /* Wiedgets_ScreenLiveActivity.swift */ = {isa = PBXFileReference; lastKnownFileType = sourcecode.swift; path = Wiedgets_ScreenLiveActivity.swift; sourceTree = "<group>"; };
		8019FE8A2ADBBFC100C4B3F5 /* Wiedgets_Screen.swift */ = {isa = PBXFileReference; lastKnownFileType = sourcecode.swift; path = Wiedgets_Screen.swift; sourceTree = "<group>"; };
		8019FE8C2ADBBFC100C4B3F5 /* Wiedgets_Screen.intentdefinition */ = {isa = PBXFileReference; lastKnownFileType = file.intentdefinition; path = Wiedgets_Screen.intentdefinition; sourceTree = "<group>"; };
		8019FE8D2ADBBFC200C4B3F5 /* Assets.xcassets */ = {isa = PBXFileReference; lastKnownFileType = folder.assetcatalog; path = Assets.xcassets; sourceTree = "<group>"; };
		8019FE8F2ADBBFC200C4B3F5 /* Info.plist */ = {isa = PBXFileReference; lastKnownFileType = text.plist.xml; path = Info.plist; sourceTree = "<group>"; };
		806144F92B64FB30006B1B4A /* HomeVC.swift */ = {isa = PBXFileReference; lastKnownFileType = sourcecode.swift; path = HomeVC.swift; sourceTree = "<group>"; };
		806144FB2B64FBDA006B1B4A /* LunachScreenVC.swift */ = {isa = PBXFileReference; lastKnownFileType = sourcecode.swift; path = LunachScreenVC.swift; sourceTree = "<group>"; };
		806145002B64FD53006B1B4A /* ConfigGeneral.swift */ = {isa = PBXFileReference; lastKnownFileType = sourcecode.swift; path = ConfigGeneral.swift; sourceTree = "<group>"; };
		806145032B64FEE7006B1B4A /* ViewScreenExtension.swift */ = {isa = PBXFileReference; lastKnownFileType = sourcecode.swift; path = ViewScreenExtension.swift; sourceTree = "<group>"; };
		806145082B650191006B1B4A /* HomeModel.swift */ = {isa = PBXFileReference; lastKnownFileType = sourcecode.swift; path = HomeModel.swift; sourceTree = "<group>"; };
		8061450B2B6501DA006B1B4A /* TbvMovieHome.swift */ = {isa = PBXFileReference; lastKnownFileType = sourcecode.swift; path = TbvMovieHome.swift; sourceTree = "<group>"; };
		8061450D2B650234006B1B4A /* HeaderTbvScrollMovie.swift */ = {isa = PBXFileReference; lastKnownFileType = sourcecode.swift; path = HeaderTbvScrollMovie.swift; sourceTree = "<group>"; };
		8061450F2B6502AA006B1B4A /* UICollectionViewPagingFlowLayout.swift */ = {isa = PBXFileReference; lastKnownFileType = sourcecode.swift; path = UICollectionViewPagingFlowLayout.swift; sourceTree = "<group>"; };
		806145112B6502E2006B1B4A /* ConfigUI.swift */ = {isa = PBXFileReference; lastKnownFileType = sourcecode.swift; path = ConfigUI.swift; sourceTree = "<group>"; };
		806145142B65033A006B1B4A /* CustomService.swift */ = {isa = PBXFileReference; lastKnownFileType = sourcecode.swift; path = CustomService.swift; sourceTree = "<group>"; };
		806145162B650379006B1B4A /* ConfigURL.swift */ = {isa = PBXFileReference; lastKnownFileType = sourcecode.swift; path = ConfigURL.swift; sourceTree = "<group>"; };
		806145182B6503CD006B1B4A /* KeyChainManager.swift */ = {isa = PBXFileReference; lastKnownFileType = sourcecode.swift; path = KeyChainManager.swift; sourceTree = "<group>"; };
		8061451C2B65059A006B1B4A /* TbvPosterViewCell.swift */ = {isa = PBXFileReference; lastKnownFileType = sourcecode.swift; path = TbvPosterViewCell.swift; sourceTree = "<group>"; };
		8061451E2B6505CF006B1B4A /* MoviePosterViewCell.swift */ = {isa = PBXFileReference; lastKnownFileType = sourcecode.swift; path = MoviePosterViewCell.swift; sourceTree = "<group>"; };
		806145202B65078E006B1B4A /* ConfigPresentVC.swift */ = {isa = PBXFileReference; lastKnownFileType = sourcecode.swift; path = ConfigPresentVC.swift; sourceTree = "<group>"; };
		806145222B650844006B1B4A /* CltvHeaderViewCell.swift */ = {isa = PBXFileReference; lastKnownFileType = sourcecode.swift; path = CltvHeaderViewCell.swift; sourceTree = "<group>"; };
		806145232B650844006B1B4A /* CltvHeaderViewCell.xib */ = {isa = PBXFileReference; lastKnownFileType = file.xib; path = CltvHeaderViewCell.xib; sourceTree = "<group>"; };
		806145262B650BF0006B1B4A /* HeaderSectionTbvView.swift */ = {isa = PBXFileReference; lastKnownFileType = sourcecode.swift; path = HeaderSectionTbvView.swift; sourceTree = "<group>"; };
		80A3D0602AB6F1BB00F30517 /* MovieGuide.app */ = {isa = PBXFileReference; explicitFileType = wrapper.application; includeInIndex = 0; path = MovieGuide.app; sourceTree = BUILT_PRODUCTS_DIR; };
		80A3D06C2AB6F1BC00F30517 /* Assets.xcassets */ = {isa = PBXFileReference; lastKnownFileType = folder.assetcatalog; path = Assets.xcassets; sourceTree = "<group>"; };
		80A3D06F2AB6F1BC00F30517 /* Base */ = {isa = PBXFileReference; lastKnownFileType = file.storyboard; name = Base; path = Base.lproj/LaunchScreen.storyboard; sourceTree = "<group>"; };
		80A3D0712AB6F1BC00F30517 /* Info.plist */ = {isa = PBXFileReference; lastKnownFileType = text.plist.xml; path = Info.plist; sourceTree = "<group>"; };
		80A3D0772AB6F27C00F30517 /* MovieGuide-Bridging-Header.h */ = {isa = PBXFileReference; lastKnownFileType = sourcecode.c.h; path = "MovieGuide-Bridging-Header.h"; sourceTree = "<group>"; };
		80A3D0782AB6F27D00F30517 /* SceneDelegate.swift */ = {isa = PBXFileReference; fileEncoding = 4; lastKnownFileType = sourcecode.swift; path = SceneDelegate.swift; sourceTree = "<group>"; };
		80A3D0812AB6F27D00F30517 /* NavController.swift */ = {isa = PBXFileReference; fileEncoding = 4; lastKnownFileType = sourcecode.swift; path = NavController.swift; sourceTree = "<group>"; };
		80A3D0B02AB6F27D00F30517 /* TabBarController.swift */ = {isa = PBXFileReference; fileEncoding = 4; lastKnownFileType = sourcecode.swift; path = TabBarController.swift; sourceTree = "<group>"; };
		80A3D0B12AB6F27D00F30517 /* Main.storyboard */ = {isa = PBXFileReference; fileEncoding = 4; lastKnownFileType = file.storyboard; path = Main.storyboard; sourceTree = "<group>"; };
		80A3D0BE2AB6F27D00F30517 /* AppDelegate.swift */ = {isa = PBXFileReference; fileEncoding = 4; lastKnownFileType = sourcecode.swift; path = AppDelegate.swift; sourceTree = "<group>"; };
		8A8B5A8B3A97B9AC32A2FBF4 /* Pods-MovieGuide.debug.xcconfig */ = {isa = PBXFileReference; includeInIndex = 1; lastKnownFileType = text.xcconfig; name = "Pods-MovieGuide.debug.xcconfig"; path = "Target Support Files/Pods-MovieGuide/Pods-MovieGuide.debug.xcconfig"; sourceTree = "<group>"; };
/* End PBXFileReference section */

/* Begin PBXFrameworksBuildPhase section */
		8019FE7D2ADBBFC100C4B3F5 /* Frameworks */ = {
			isa = PBXFrameworksBuildPhase;
			buildActionMask = 2147483647;
			files = (
				8019FE842ADBBFC100C4B3F5 /* SwiftUI.framework in Frameworks */,
				8019FE822ADBBFC100C4B3F5 /* WidgetKit.framework in Frameworks */,
			);
			runOnlyForDeploymentPostprocessing = 0;
		};
		80A3D05D2AB6F1BB00F30517 /* Frameworks */ = {
			isa = PBXFrameworksBuildPhase;
			buildActionMask = 2147483647;
			files = (
				8F841D857B7A7E10EF9DCB01 /* Pods_MovieGuide.framework in Frameworks */,
			);
			runOnlyForDeploymentPostprocessing = 0;
		};
/* End PBXFrameworksBuildPhase section */

/* Begin PBXGroup section */
		728FCFB5DFACAD2E1D65F627 /* Frameworks */ = {
			isa = PBXGroup;
			children = (
				02D681A128EB8C3635A0A29E /* Pods_MovieGuide.framework */,
				8019FE812ADBBFC100C4B3F5 /* WidgetKit.framework */,
				8019FE832ADBBFC100C4B3F5 /* SwiftUI.framework */,
			);
			name = Frameworks;
			sourceTree = "<group>";
		};
		8019FE752ADBBEF300C4B3F5 /* Widget */ = {
			isa = PBXGroup;
			children = (
				8019FE732ADBBBE800C4B3F5 /* Widget.swift */,
				8019FE7A2ADBBF6900C4B3F5 /* WedgetItem.swift */,
			);
			path = Widget;
			sourceTree = "<group>";
		};
		8019FE852ADBBFC100C4B3F5 /* Wiedgets_Screen */ = {
			isa = PBXGroup;
			children = (
				8019FE862ADBBFC100C4B3F5 /* Wiedgets_ScreenBundle.swift */,
				8019FE882ADBBFC100C4B3F5 /* Wiedgets_ScreenLiveActivity.swift */,
				8019FE8A2ADBBFC100C4B3F5 /* Wiedgets_Screen.swift */,
				8019FE8C2ADBBFC100C4B3F5 /* Wiedgets_Screen.intentdefinition */,
				8019FE8D2ADBBFC200C4B3F5 /* Assets.xcassets */,
				8019FE8F2ADBBFC200C4B3F5 /* Info.plist */,
			);
			path = Wiedgets_Screen;
			sourceTree = "<group>";
		};
		806144F72B64FB0E006B1B4A /* ViewController */ = {
			isa = PBXGroup;
			children = (
				806145052B650064006B1B4A /* HomeVC */,
				806144F92B64FB30006B1B4A /* HomeVC.swift */,
				8061450A2B6501B5006B1B4A /* View */,
				806145062B650183006B1B4A /* Model */,
			);
			path = ViewController;
			sourceTree = "<group>";
		};
		806144FD2B64FD2D006B1B4A /* Config */ = {
			isa = PBXGroup;
			children = (
				806145132B650335006B1B4A /* CustomService */,
				806145022B64FECB006B1B4A /* Extension */,
				806144FE2B64FD3C006B1B4A /* General */,
			);
			path = Config;
			sourceTree = "<group>";
		};
		806144FE2B64FD3C006B1B4A /* General */ = {
			isa = PBXGroup;
			children = (
				806145002B64FD53006B1B4A /* ConfigGeneral.swift */,
				806145112B6502E2006B1B4A /* ConfigUI.swift */,
				806145202B65078E006B1B4A /* ConfigPresentVC.swift */,
				8061450F2B6502AA006B1B4A /* UICollectionViewPagingFlowLayout.swift */,
			);
			path = General;
			sourceTree = "<group>";
		};
		806145022B64FECB006B1B4A /* Extension */ = {
			isa = PBXGroup;
			children = (
				806145032B64FEE7006B1B4A /* ViewScreenExtension.swift */,
			);
			path = Extension;
			sourceTree = "<group>";
		};
		806145052B650064006B1B4A /* HomeVC */ = {
			isa = PBXGroup;
			children = (
			);
			path = HomeVC;
			sourceTree = "<group>";
		};
		806145062B650183006B1B4A /* Model */ = {
			isa = PBXGroup;
			children = (
				806145082B650191006B1B4A /* HomeModel.swift */,
			);
			path = Model;
			sourceTree = "<group>";
		};
		8061450A2B6501B5006B1B4A /* View */ = {
			isa = PBXGroup;
			children = (
				8061450B2B6501DA006B1B4A /* TbvMovieHome.swift */,
				8061450D2B650234006B1B4A /* HeaderTbvScrollMovie.swift */,
				806145262B650BF0006B1B4A /* HeaderSectionTbvView.swift */,
				8061451A2B65058A006B1B4A /* ViewCell */,
			);
			path = View;
			sourceTree = "<group>";
		};
		806145132B650335006B1B4A /* CustomService */ = {
			isa = PBXGroup;
			children = (
				806145142B65033A006B1B4A /* CustomService.swift */,
				806145162B650379006B1B4A /* ConfigURL.swift */,
				806145182B6503CD006B1B4A /* KeyChainManager.swift */,
			);
			path = CustomService;
			sourceTree = "<group>";
		};
		8061451A2B65058A006B1B4A /* ViewCell */ = {
			isa = PBXGroup;
			children = (
				806145292B6512DE006B1B4A /* TbvCell */,
				806145282B6512D3006B1B4A /* CltvCell */,
			);
			path = ViewCell;
			sourceTree = "<group>";
		};
		806145282B6512D3006B1B4A /* CltvCell */ = {
			isa = PBXGroup;
			children = (
				8061451E2B6505CF006B1B4A /* MoviePosterViewCell.swift */,
			);
			path = CltvCell;
			sourceTree = "<group>";
		};
		806145292B6512DE006B1B4A /* TbvCell */ = {
			isa = PBXGroup;
			children = (
				806145222B650844006B1B4A /* CltvHeaderViewCell.swift */,
				806145232B650844006B1B4A /* CltvHeaderViewCell.xib */,
				8061451C2B65059A006B1B4A /* TbvPosterViewCell.swift */,
			);
			path = TbvCell;
			sourceTree = "<group>";
		};
		80A3D0572AB6F1BB00F30517 = {
			isa = PBXGroup;
			children = (
				80A3D0622AB6F1BB00F30517 /* MovieGuide */,
				8019FE752ADBBEF300C4B3F5 /* Widget */,
				8019FE852ADBBFC100C4B3F5 /* Wiedgets_Screen */,
				80A3D0612AB6F1BB00F30517 /* Products */,
				D129DAB11FFA38A343AAC935 /* Pods */,
				728FCFB5DFACAD2E1D65F627 /* Frameworks */,
			);
			sourceTree = "<group>";
		};
		80A3D0612AB6F1BB00F30517 /* Products */ = {
			isa = PBXGroup;
			children = (
				80A3D0602AB6F1BB00F30517 /* MovieGuide.app */,
				8019FE802ADBBFC100C4B3F5 /* Wiedgets_ScreenExtension.appex */,
			);
			name = Products;
			sourceTree = "<group>";
		};
		80A3D0622AB6F1BB00F30517 /* MovieGuide */ = {
			isa = PBXGroup;
			children = (
				80A3D0BE2AB6F27D00F30517 /* AppDelegate.swift */,
				80A3D0782AB6F27D00F30517 /* SceneDelegate.swift */,
				806144FD2B64FD2D006B1B4A /* Config */,
				80A3D0792AB6F27D00F30517 /* CenterController */,
				806144F72B64FB0E006B1B4A /* ViewController */,
				80A3D0B12AB6F27D00F30517 /* Main.storyboard */,
				80A3D06C2AB6F1BC00F30517 /* Assets.xcassets */,
				80A3D06E2AB6F1BC00F30517 /* LaunchScreen.storyboard */,
				80A3D0712AB6F1BC00F30517 /* Info.plist */,
				80A3D0772AB6F27C00F30517 /* MovieGuide-Bridging-Header.h */,
			);
			path = MovieGuide;
			sourceTree = "<group>";
		};
		80A3D0792AB6F27D00F30517 /* CenterController */ = {
			isa = PBXGroup;
			children = (
				806144FB2B64FBDA006B1B4A /* LunachScreenVC.swift */,
				80A3D0B02AB6F27D00F30517 /* TabBarController.swift */,
				80A3D0812AB6F27D00F30517 /* NavController.swift */,
			);
			path = CenterController;
			sourceTree = "<group>";
		};
		D129DAB11FFA38A343AAC935 /* Pods */ = {
			isa = PBXGroup;
			children = (
				8A8B5A8B3A97B9AC32A2FBF4 /* Pods-MovieGuide.debug.xcconfig */,
				39E2E3467D66492F35444D04 /* Pods-MovieGuide.release.xcconfig */,
			);
			path = Pods;
			sourceTree = "<group>";
		};
/* End PBXGroup section */

/* Begin PBXNativeTarget section */
		8019FE7F2ADBBFC100C4B3F5 /* Wiedgets_ScreenExtension */ = {
			isa = PBXNativeTarget;
			buildConfigurationList = 8019FE952ADBBFC200C4B3F5 /* Build configuration list for PBXNativeTarget "Wiedgets_ScreenExtension" */;
			buildPhases = (
				8019FE7C2ADBBFC100C4B3F5 /* Sources */,
				8019FE7D2ADBBFC100C4B3F5 /* Frameworks */,
				8019FE7E2ADBBFC100C4B3F5 /* Resources */,
			);
			buildRules = (
			);
			dependencies = (
			);
			name = Wiedgets_ScreenExtension;
			productName = Wiedgets_ScreenExtension;
			productReference = 8019FE802ADBBFC100C4B3F5 /* Wiedgets_ScreenExtension.appex */;
			productType = "com.apple.product-type.app-extension";
		};
		80A3D05F2AB6F1BB00F30517 /* MovieGuide */ = {
			isa = PBXNativeTarget;
			buildConfigurationList = 80A3D0742AB6F1BC00F30517 /* Build configuration list for PBXNativeTarget "MovieGuide" */;
			buildPhases = (
				6D0E5C5F15B0857B2EC699A7 /* [CP] Check Pods Manifest.lock */,
				80A3D05C2AB6F1BB00F30517 /* Sources */,
				80A3D05D2AB6F1BB00F30517 /* Frameworks */,
				80A3D05E2AB6F1BB00F30517 /* Resources */,
				AD148C66890BC3D2A7ECAACB /* [CP] Embed Pods Frameworks */,
				8019FE982ADBBFC200C4B3F5 /* Embed Foundation Extensions */,
			);
			buildRules = (
			);
			dependencies = (
				8019FE932ADBBFC200C4B3F5 /* PBXTargetDependency */,
			);
			name = MovieGuide;
			productName = MovieGuide;
			productReference = 80A3D0602AB6F1BB00F30517 /* MovieGuide.app */;
			productType = "com.apple.product-type.application";
		};
/* End PBXNativeTarget section */

/* Begin PBXProject section */
		80A3D0582AB6F1BB00F30517 /* Project object */ = {
			isa = PBXProject;
			attributes = {
				BuildIndependentTargetsInParallel = 1;
				LastSwiftUpdateCheck = 1430;
				LastUpgradeCheck = 1430;
				TargetAttributes = {
					8019FE7F2ADBBFC100C4B3F5 = {
						CreatedOnToolsVersion = 14.3.1;
					};
					80A3D05F2AB6F1BB00F30517 = {
						CreatedOnToolsVersion = 14.3.1;
						LastSwiftMigration = 1430;
					};
				};
			};
			buildConfigurationList = 80A3D05B2AB6F1BB00F30517 /* Build configuration list for PBXProject "MovieGuide" */;
			compatibilityVersion = "Xcode 14.0";
			developmentRegion = en;
			hasScannedForEncodings = 0;
			knownRegions = (
				en,
				Base,
			);
			mainGroup = 80A3D0572AB6F1BB00F30517;
			productRefGroup = 80A3D0612AB6F1BB00F30517 /* Products */;
			projectDirPath = "";
			projectRoot = "";
			targets = (
				80A3D05F2AB6F1BB00F30517 /* MovieGuide */,
				8019FE7F2ADBBFC100C4B3F5 /* Wiedgets_ScreenExtension */,
			);
		};
/* End PBXProject section */

/* Begin PBXResourcesBuildPhase section */
		8019FE7E2ADBBFC100C4B3F5 /* Resources */ = {
			isa = PBXResourcesBuildPhase;
			buildActionMask = 2147483647;
			files = (
				8019FE8E2ADBBFC200C4B3F5 /* Assets.xcassets in Resources */,
			);
			runOnlyForDeploymentPostprocessing = 0;
		};
		80A3D05E2AB6F1BB00F30517 /* Resources */ = {
			isa = PBXResourcesBuildPhase;
			buildActionMask = 2147483647;
			files = (
				806145252B650844006B1B4A /* CltvHeaderViewCell.xib in Resources */,
				80A3D0702AB6F1BC00F30517 /* LaunchScreen.storyboard in Resources */,
				80A3D0EE2AB6F27E00F30517 /* Main.storyboard in Resources */,
				80A3D06D2AB6F1BC00F30517 /* Assets.xcassets in Resources */,
			);
			runOnlyForDeploymentPostprocessing = 0;
		};
/* End PBXResourcesBuildPhase section */

/* Begin PBXShellScriptBuildPhase section */
		6D0E5C5F15B0857B2EC699A7 /* [CP] Check Pods Manifest.lock */ = {
			isa = PBXShellScriptBuildPhase;
			buildActionMask = 2147483647;
			files = (
			);
			inputFileListPaths = (
			);
			inputPaths = (
				"${PODS_PODFILE_DIR_PATH}/Podfile.lock",
				"${PODS_ROOT}/Manifest.lock",
			);
			name = "[CP] Check Pods Manifest.lock";
			outputFileListPaths = (
			);
			outputPaths = (
				"$(DERIVED_FILE_DIR)/Pods-MovieGuide-checkManifestLockResult.txt",
			);
			runOnlyForDeploymentPostprocessing = 0;
			shellPath = /bin/sh;
			shellScript = "diff \"${PODS_PODFILE_DIR_PATH}/Podfile.lock\" \"${PODS_ROOT}/Manifest.lock\" > /dev/null\nif [ $? != 0 ] ; then\n    # print error to STDERR\n    echo \"error: The sandbox is not in sync with the Podfile.lock. Run 'pod install' or update your CocoaPods installation.\" >&2\n    exit 1\nfi\n# This output is used by Xcode 'outputs' to avoid re-running this script phase.\necho \"SUCCESS\" > \"${SCRIPT_OUTPUT_FILE_0}\"\n";
			showEnvVarsInLog = 0;
		};
		AD148C66890BC3D2A7ECAACB /* [CP] Embed Pods Frameworks */ = {
			isa = PBXShellScriptBuildPhase;
			buildActionMask = 2147483647;
			files = (
			);
			inputFileListPaths = (
				"${PODS_ROOT}/Target Support Files/Pods-MovieGuide/Pods-MovieGuide-frameworks-${CONFIGURATION}-input-files.xcfilelist",
			);
			name = "[CP] Embed Pods Frameworks";
			outputFileListPaths = (
				"${PODS_ROOT}/Target Support Files/Pods-MovieGuide/Pods-MovieGuide-frameworks-${CONFIGURATION}-output-files.xcfilelist",
			);
			runOnlyForDeploymentPostprocessing = 0;
			shellPath = /bin/sh;
			shellScript = "\"${PODS_ROOT}/Target Support Files/Pods-MovieGuide/Pods-MovieGuide-frameworks.sh\"\n";
			showEnvVarsInLog = 0;
		};
/* End PBXShellScriptBuildPhase section */

/* Begin PBXSourcesBuildPhase section */
		8019FE7C2ADBBFC100C4B3F5 /* Sources */ = {
			isa = PBXSourcesBuildPhase;
			buildActionMask = 2147483647;
			files = (
				8019FE902ADBBFC200C4B3F5 /* Wiedgets_Screen.intentdefinition in Sources */,
				8019FE892ADBBFC100C4B3F5 /* Wiedgets_ScreenLiveActivity.swift in Sources */,
				8019FE8B2ADBBFC100C4B3F5 /* Wiedgets_Screen.swift in Sources */,
				8019FE872ADBBFC100C4B3F5 /* Wiedgets_ScreenBundle.swift in Sources */,
			);
			runOnlyForDeploymentPostprocessing = 0;
		};
		80A3D05C2AB6F1BB00F30517 /* Sources */ = {
			isa = PBXSourcesBuildPhase;
			buildActionMask = 2147483647;
			files = (
				8061450C2B6501DA006B1B4A /* TbvMovieHome.swift in Sources */,
				806145012B64FD53006B1B4A /* ConfigGeneral.swift in Sources */,
				80A3D0CD2AB6F27E00F30517 /* NavController.swift in Sources */,
				806144FA2B64FB30006B1B4A /* HomeVC.swift in Sources */,
				8019FE7B2ADBBF6900C4B3F5 /* WedgetItem.swift in Sources */,
				806144FC2B64FBDA006B1B4A /* LunachScreenVC.swift in Sources */,
				806145212B65078E006B1B4A /* ConfigPresentVC.swift in Sources */,
				8061451D2B65059A006B1B4A /* TbvPosterViewCell.swift in Sources */,
				806145242B650844006B1B4A /* CltvHeaderViewCell.swift in Sources */,
				80A3D0ED2AB6F27E00F30517 /* TabBarController.swift in Sources */,
				8019FE912ADBBFC200C4B3F5 /* Wiedgets_Screen.intentdefinition in Sources */,
				8019FE742ADBBBE800C4B3F5 /* Widget.swift in Sources */,
				8061450E2B650234006B1B4A /* HeaderTbvScrollMovie.swift in Sources */,
				806145272B650BF0006B1B4A /* HeaderSectionTbvView.swift in Sources */,
				806145102B6502AA006B1B4A /* UICollectionViewPagingFlowLayout.swift in Sources */,
				806145172B650379006B1B4A /* ConfigURL.swift in Sources */,
				806145092B650191006B1B4A /* HomeModel.swift in Sources */,
				80A3D0F92AB6F27E00F30517 /* AppDelegate.swift in Sources */,
				806145122B6502E2006B1B4A /* ConfigUI.swift in Sources */,
				8061451F2B6505CF006B1B4A /* MoviePosterViewCell.swift in Sources */,
				806145042B64FEE7006B1B4A /* ViewScreenExtension.swift in Sources */,
				80A3D0C62AB6F27E00F30517 /* SceneDelegate.swift in Sources */,
				806145152B65033A006B1B4A /* CustomService.swift in Sources */,
				806145192B6503CD006B1B4A /* KeyChainManager.swift in Sources */,
			);
			runOnlyForDeploymentPostprocessing = 0;
		};
/* End PBXSourcesBuildPhase section */

/* Begin PBXTargetDependency section */
		8019FE932ADBBFC200C4B3F5 /* PBXTargetDependency */ = {
			isa = PBXTargetDependency;
			target = 8019FE7F2ADBBFC100C4B3F5 /* Wiedgets_ScreenExtension */;
			targetProxy = 8019FE922ADBBFC200C4B3F5 /* PBXContainerItemProxy */;
		};
/* End PBXTargetDependency section */

/* Begin PBXVariantGroup section */
		80A3D06E2AB6F1BC00F30517 /* LaunchScreen.storyboard */ = {
			isa = PBXVariantGroup;
			children = (
				80A3D06F2AB6F1BC00F30517 /* Base */,
			);
			name = LaunchScreen.storyboard;
			sourceTree = "<group>";
		};
/* End PBXVariantGroup section */

/* Begin XCBuildConfiguration section */
		8019FE962ADBBFC200C4B3F5 /* Debug */ = {
			isa = XCBuildConfiguration;
			buildSettings = {
				ASSETCATALOG_COMPILER_GLOBAL_ACCENT_COLOR_NAME = AccentColor;
				ASSETCATALOG_COMPILER_WIDGET_BACKGROUND_COLOR_NAME = WidgetBackground;
				CODE_SIGN_STYLE = Automatic;
				CURRENT_PROJECT_VERSION = 1;
				DEVELOPMENT_TEAM = "";
				GENERATE_INFOPLIST_FILE = YES;
				INFOPLIST_FILE = Wiedgets_Screen/Info.plist;
				INFOPLIST_KEY_CFBundleDisplayName = Wiedgets_Screen;
				INFOPLIST_KEY_NSHumanReadableCopyright = "";
				LD_RUNPATH_SEARCH_PATHS = (
					"$(inherited)",
					"@executable_path/Frameworks",
					"@executable_path/../../Frameworks",
				);
				MARKETING_VERSION = 1.0;
				PRODUCT_BUNDLE_IDENTIFIER = "callmeoni.MovieGuide.Wiedgets-Screen";
				PRODUCT_NAME = "$(TARGET_NAME)";
				SKIP_INSTALL = YES;
				SWIFT_EMIT_LOC_STRINGS = YES;
				SWIFT_VERSION = 5.0;
				TARGETED_DEVICE_FAMILY = "1,2";
			};
			name = Debug;
		};
		8019FE972ADBBFC200C4B3F5 /* Release */ = {
			isa = XCBuildConfiguration;
			buildSettings = {
				ASSETCATALOG_COMPILER_GLOBAL_ACCENT_COLOR_NAME = AccentColor;
				ASSETCATALOG_COMPILER_WIDGET_BACKGROUND_COLOR_NAME = WidgetBackground;
				CODE_SIGN_STYLE = Automatic;
				CURRENT_PROJECT_VERSION = 1;
				DEVELOPMENT_TEAM = "";
				GENERATE_INFOPLIST_FILE = YES;
				INFOPLIST_FILE = Wiedgets_Screen/Info.plist;
				INFOPLIST_KEY_CFBundleDisplayName = Wiedgets_Screen;
				INFOPLIST_KEY_NSHumanReadableCopyright = "";
				LD_RUNPATH_SEARCH_PATHS = (
					"$(inherited)",
					"@executable_path/Frameworks",
					"@executable_path/../../Frameworks",
				);
				MARKETING_VERSION = 1.0;
				PRODUCT_BUNDLE_IDENTIFIER = "callmeoni.MovieGuide.Wiedgets-Screen";
				PRODUCT_NAME = "$(TARGET_NAME)";
				SKIP_INSTALL = YES;
				SWIFT_EMIT_LOC_STRINGS = YES;
				SWIFT_VERSION = 5.0;
				TARGETED_DEVICE_FAMILY = "1,2";
			};
			name = Release;
		};
		80A3D0722AB6F1BC00F30517 /* Debug */ = {
			isa = XCBuildConfiguration;
			buildSettings = {
				ALWAYS_SEARCH_USER_PATHS = NO;
				CLANG_ANALYZER_NONNULL = YES;
				CLANG_ANALYZER_NUMBER_OBJECT_CONVERSION = YES_AGGRESSIVE;
				CLANG_CXX_LANGUAGE_STANDARD = "gnu++20";
				CLANG_ENABLE_MODULES = YES;
				CLANG_ENABLE_OBJC_ARC = YES;
				CLANG_ENABLE_OBJC_WEAK = YES;
				CLANG_WARN_BLOCK_CAPTURE_AUTORELEASING = YES;
				CLANG_WARN_BOOL_CONVERSION = YES;
				CLANG_WARN_COMMA = YES;
				CLANG_WARN_CONSTANT_CONVERSION = YES;
				CLANG_WARN_DEPRECATED_OBJC_IMPLEMENTATIONS = YES;
				CLANG_WARN_DIRECT_OBJC_ISA_USAGE = YES_ERROR;
				CLANG_WARN_DOCUMENTATION_COMMENTS = YES;
				CLANG_WARN_EMPTY_BODY = YES;
				CLANG_WARN_ENUM_CONVERSION = YES;
				CLANG_WARN_INFINITE_RECURSION = YES;
				CLANG_WARN_INT_CONVERSION = YES;
				CLANG_WARN_NON_LITERAL_NULL_CONVERSION = YES;
				CLANG_WARN_OBJC_IMPLICIT_RETAIN_SELF = YES;
				CLANG_WARN_OBJC_LITERAL_CONVERSION = YES;
				CLANG_WARN_OBJC_ROOT_CLASS = YES_ERROR;
				CLANG_WARN_QUOTED_INCLUDE_IN_FRAMEWORK_HEADER = YES;
				CLANG_WARN_RANGE_LOOP_ANALYSIS = YES;
				CLANG_WARN_STRICT_PROTOTYPES = YES;
				CLANG_WARN_SUSPICIOUS_MOVE = YES;
				CLANG_WARN_UNGUARDED_AVAILABILITY = YES_AGGRESSIVE;
				CLANG_WARN_UNREACHABLE_CODE = YES;
				CLANG_WARN__DUPLICATE_METHOD_MATCH = YES;
				COPY_PHASE_STRIP = NO;
				DEBUG_INFORMATION_FORMAT = dwarf;
				ENABLE_STRICT_OBJC_MSGSEND = YES;
				ENABLE_TESTABILITY = YES;
				GCC_C_LANGUAGE_STANDARD = gnu11;
				GCC_DYNAMIC_NO_PIC = NO;
				GCC_NO_COMMON_BLOCKS = YES;
				GCC_OPTIMIZATION_LEVEL = 0;
				GCC_PREPROCESSOR_DEFINITIONS = (
					"DEBUG=1",
					"$(inherited)",
				);
				GCC_WARN_64_TO_32_BIT_CONVERSION = YES;
				GCC_WARN_ABOUT_RETURN_TYPE = YES_ERROR;
				GCC_WARN_UNDECLARED_SELECTOR = YES;
				GCC_WARN_UNINITIALIZED_AUTOS = YES_AGGRESSIVE;
				GCC_WARN_UNUSED_FUNCTION = YES;
				GCC_WARN_UNUSED_VARIABLE = YES;
				IPHONEOS_DEPLOYMENT_TARGET = 16.4;
				MTL_ENABLE_DEBUG_INFO = INCLUDE_SOURCE;
				MTL_FAST_MATH = YES;
				ONLY_ACTIVE_ARCH = YES;
				SDKROOT = iphoneos;
				SWIFT_ACTIVE_COMPILATION_CONDITIONS = DEBUG;
				SWIFT_OPTIMIZATION_LEVEL = "-Onone";
			};
			name = Debug;
		};
		80A3D0732AB6F1BC00F30517 /* Release */ = {
			isa = XCBuildConfiguration;
			buildSettings = {
				ALWAYS_SEARCH_USER_PATHS = NO;
				CLANG_ANALYZER_NONNULL = YES;
				CLANG_ANALYZER_NUMBER_OBJECT_CONVERSION = YES_AGGRESSIVE;
				CLANG_CXX_LANGUAGE_STANDARD = "gnu++20";
				CLANG_ENABLE_MODULES = YES;
				CLANG_ENABLE_OBJC_ARC = YES;
				CLANG_ENABLE_OBJC_WEAK = YES;
				CLANG_WARN_BLOCK_CAPTURE_AUTORELEASING = YES;
				CLANG_WARN_BOOL_CONVERSION = YES;
				CLANG_WARN_COMMA = YES;
				CLANG_WARN_CONSTANT_CONVERSION = YES;
				CLANG_WARN_DEPRECATED_OBJC_IMPLEMENTATIONS = YES;
				CLANG_WARN_DIRECT_OBJC_ISA_USAGE = YES_ERROR;
				CLANG_WARN_DOCUMENTATION_COMMENTS = YES;
				CLANG_WARN_EMPTY_BODY = YES;
				CLANG_WARN_ENUM_CONVERSION = YES;
				CLANG_WARN_INFINITE_RECURSION = YES;
				CLANG_WARN_INT_CONVERSION = YES;
				CLANG_WARN_NON_LITERAL_NULL_CONVERSION = YES;
				CLANG_WARN_OBJC_IMPLICIT_RETAIN_SELF = YES;
				CLANG_WARN_OBJC_LITERAL_CONVERSION = YES;
				CLANG_WARN_OBJC_ROOT_CLASS = YES_ERROR;
				CLANG_WARN_QUOTED_INCLUDE_IN_FRAMEWORK_HEADER = YES;
				CLANG_WARN_RANGE_LOOP_ANALYSIS = YES;
				CLANG_WARN_STRICT_PROTOTYPES = YES;
				CLANG_WARN_SUSPICIOUS_MOVE = YES;
				CLANG_WARN_UNGUARDED_AVAILABILITY = YES_AGGRESSIVE;
				CLANG_WARN_UNREACHABLE_CODE = YES;
				CLANG_WARN__DUPLICATE_METHOD_MATCH = YES;
				COPY_PHASE_STRIP = NO;
				DEBUG_INFORMATION_FORMAT = "dwarf-with-dsym";
				ENABLE_NS_ASSERTIONS = NO;
				ENABLE_STRICT_OBJC_MSGSEND = YES;
				GCC_C_LANGUAGE_STANDARD = gnu11;
				GCC_NO_COMMON_BLOCKS = YES;
				GCC_WARN_64_TO_32_BIT_CONVERSION = YES;
				GCC_WARN_ABOUT_RETURN_TYPE = YES_ERROR;
				GCC_WARN_UNDECLARED_SELECTOR = YES;
				GCC_WARN_UNINITIALIZED_AUTOS = YES_AGGRESSIVE;
				GCC_WARN_UNUSED_FUNCTION = YES;
				GCC_WARN_UNUSED_VARIABLE = YES;
				IPHONEOS_DEPLOYMENT_TARGET = 16.4;
				MTL_ENABLE_DEBUG_INFO = NO;
				MTL_FAST_MATH = YES;
				SDKROOT = iphoneos;
				SWIFT_COMPILATION_MODE = wholemodule;
				SWIFT_OPTIMIZATION_LEVEL = "-O";
				VALIDATE_PRODUCT = YES;
			};
			name = Release;
		};
		80A3D0752AB6F1BC00F30517 /* Debug */ = {
			isa = XCBuildConfiguration;
			baseConfigurationReference = 8A8B5A8B3A97B9AC32A2FBF4 /* Pods-MovieGuide.debug.xcconfig */;
			buildSettings = {
				ALWAYS_EMBED_SWIFT_STANDARD_LIBRARIES = YES;
				ASSETCATALOG_COMPILER_APPICON_NAME = AppIcon;
				ASSETCATALOG_COMPILER_GLOBAL_ACCENT_COLOR_NAME = AccentColor;
				CLANG_ENABLE_MODULES = YES;
				CODE_SIGN_STYLE = Automatic;
				CURRENT_PROJECT_VERSION = 1;
				DEVELOPMENT_TEAM = FYTDS8YWKN;
				GENERATE_INFOPLIST_FILE = YES;
				INFOPLIST_FILE = MovieGuide/Info.plist;
				INFOPLIST_KEY_NSUserTrackingUsageDescription = "This identifier will be used to deliver personalized ads to you.";
				INFOPLIST_KEY_UIApplicationSupportsIndirectInputEvents = YES;
				INFOPLIST_KEY_UILaunchStoryboardName = LaunchScreen.storyboard;
				INFOPLIST_KEY_UIMainStoryboardFile = Main;
				INFOPLIST_KEY_UISupportedInterfaceOrientations_iPad = "UIInterfaceOrientationPortrait UIInterfaceOrientationPortraitUpsideDown UIInterfaceOrientationLandscapeLeft UIInterfaceOrientationLandscapeRight";
				INFOPLIST_KEY_UISupportedInterfaceOrientations_iPhone = "UIInterfaceOrientationPortrait UIInterfaceOrientationLandscapeLeft UIInterfaceOrientationLandscapeRight";
				IPHONEOS_DEPLOYMENT_TARGET = 16.2;
				LD_RUNPATH_SEARCH_PATHS = (
					"$(inherited)",
					"@executable_path/Frameworks",
				);
				MARKETING_VERSION = 1.0;
				PRODUCT_BUNDLE_IDENTIFIER = callmeoni.MovieGuide;
				PRODUCT_NAME = "$(TARGET_NAME)";
				SWIFT_EMIT_LOC_STRINGS = YES;
				SWIFT_OBJC_BRIDGING_HEADER = "MovieGuide/MovieGuide-Bridging-Header.h";
				SWIFT_OPTIMIZATION_LEVEL = "-Onone";
				SWIFT_VERSION = 5.0;
				TARGETED_DEVICE_FAMILY = "1,2";
			};
			name = Debug;
		};
		80A3D0762AB6F1BC00F30517 /* Release */ = {
			isa = XCBuildConfiguration;
			baseConfigurationReference = 39E2E3467D66492F35444D04 /* Pods-MovieGuide.release.xcconfig */;
			buildSettings = {
				ALWAYS_EMBED_SWIFT_STANDARD_LIBRARIES = YES;
				ASSETCATALOG_COMPILER_APPICON_NAME = AppIcon;
				ASSETCATALOG_COMPILER_GLOBAL_ACCENT_COLOR_NAME = AccentColor;
				CLANG_ENABLE_MODULES = YES;
				CODE_SIGN_STYLE = Automatic;
				CURRENT_PROJECT_VERSION = 1;
				DEVELOPMENT_TEAM = FYTDS8YWKN;
				GENERATE_INFOPLIST_FILE = YES;
				INFOPLIST_FILE = MovieGuide/Info.plist;
				INFOPLIST_KEY_NSUserTrackingUsageDescription = "This identifier will be used to deliver personalized ads to you.";
				INFOPLIST_KEY_UIApplicationSupportsIndirectInputEvents = YES;
				INFOPLIST_KEY_UILaunchStoryboardName = LaunchScreen.storyboard;
				INFOPLIST_KEY_UIMainStoryboardFile = Main;
				INFOPLIST_KEY_UISupportedInterfaceOrientations_iPad = "UIInterfaceOrientationPortrait UIInterfaceOrientationPortraitUpsideDown UIInterfaceOrientationLandscapeLeft UIInterfaceOrientationLandscapeRight";
				INFOPLIST_KEY_UISupportedInterfaceOrientations_iPhone = "UIInterfaceOrientationPortrait UIInterfaceOrientationLandscapeLeft UIInterfaceOrientationLandscapeRight";
				IPHONEOS_DEPLOYMENT_TARGET = 16.2;
				LD_RUNPATH_SEARCH_PATHS = (
					"$(inherited)",
					"@executable_path/Frameworks",
				);
				MARKETING_VERSION = 1.0;
				PRODUCT_BUNDLE_IDENTIFIER = callmeoni.MovieGuide;
				PRODUCT_NAME = "$(TARGET_NAME)";
				SWIFT_EMIT_LOC_STRINGS = YES;
				SWIFT_OBJC_BRIDGING_HEADER = "MovieGuide/MovieGuide-Bridging-Header.h";
				SWIFT_VERSION = 5.0;
				TARGETED_DEVICE_FAMILY = "1,2";
			};
			name = Release;
		};
/* End XCBuildConfiguration section */

/* Begin XCConfigurationList section */
		8019FE952ADBBFC200C4B3F5 /* Build configuration list for PBXNativeTarget "Wiedgets_ScreenExtension" */ = {
			isa = XCConfigurationList;
			buildConfigurations = (
				8019FE962ADBBFC200C4B3F5 /* Debug */,
				8019FE972ADBBFC200C4B3F5 /* Release */,
			);
			defaultConfigurationIsVisible = 0;
			defaultConfigurationName = Release;
		};
		80A3D05B2AB6F1BB00F30517 /* Build configuration list for PBXProject "MovieGuide" */ = {
			isa = XCConfigurationList;
			buildConfigurations = (
				80A3D0722AB6F1BC00F30517 /* Debug */,
				80A3D0732AB6F1BC00F30517 /* Release */,
			);
			defaultConfigurationIsVisible = 0;
			defaultConfigurationName = Release;
		};
		80A3D0742AB6F1BC00F30517 /* Build configuration list for PBXNativeTarget "MovieGuide" */ = {
			isa = XCConfigurationList;
			buildConfigurations = (
				80A3D0752AB6F1BC00F30517 /* Debug */,
				80A3D0762AB6F1BC00F30517 /* Release */,
			);
			defaultConfigurationIsVisible = 0;
			defaultConfigurationName = Release;
		};
/* End XCConfigurationList section */
	};
	rootObject = 80A3D0582AB6F1BB00F30517 /* Project object */;
}
